
Microsoft Visual Studio Solution File, Format Version 12.00
# Visual Studio 2012
Project("{FAE04EC0-301F-11D3-BF4B-00C04F79EFBC}") = "ToDoBackend", "ToDoBackend\ToDoBackend.csproj", "{710A5807-DF5A-40D2-B177-E12B7A293B77}"
EndProject
Project("{FAE04EC0-301F-11D3-BF4B-00C04F79EFBC}") = "ToDoBackend.Tests", "ToDoBackend.Tests\ToDoBackend.Tests.csproj", "{0736EBB3-F01F-44BC-8F3A-E96E0FF1DA69}"
EndProject
Global
	GlobalSection(SolutionConfigurationPlatforms) = preSolution
		Debug|Any CPU = Debug|Any CPU
		Release|Any CPU = Release|Any CPU
	EndGlobalSection
	GlobalSection(ProjectConfigurationPlatforms) = postSolution
		{710A5807-DF5A-40D2-B177-E12B7A293B77}.Debug|Any CPU.ActiveCfg = Debug|Any CPU
		{710A5807-DF5A-40D2-B177-E12B7A293B77}.Debug|Any CPU.Build.0 = Debug|Any CPU
		{710A5807-DF5A-40D2-B177-E12B7A293B77}.Release|Any CPU.ActiveCfg = Release|Any CPU
		{710A5807-DF5A-40D2-B177-E12B7A293B77}.Release|Any CPU.Build.0 = Release|Any CPU
		{0736EBB3-F01F-44BC-8F3A-E96E0FF1DA69}.Debug|Any CPU.ActiveCfg = Debug|Any CPU
		{0736EBB3-F01F-44BC-8F3A-E96E0FF1DA69}.Debug|Any CPU.Build.0 = Debug|Any CPU
		{0736EBB3-F01F-44BC-8F3A-E96E0FF1DA69}.Release|Any CPU.ActiveCfg = Release|Any CPU
		{0736EBB3-F01F-44BC-8F3A-E96E0FF1DA69}.Release|Any CPU.Build.0 = Release|Any CPU
	EndGlobalSection
	GlobalSection(SolutionProperties) = preSolution
		HideSolutionNode = FALSE
	EndGlobalSection
EndGlobal
